
Microsoft Visual Studio Solution File, Format Version 12.00
# Visual Studio Version 16
VisualStudioVersion = 16.0.28917.181
MinimumVisualStudioVersion = 10.0.40219.1
Project("{FAE04EC0-301F-11D3-BF4B-00C04F79EFBC}") = "CW7", "CW7\CW7.csproj", "{1A712E32-0C99-4C04-B322-88C67A0AFC18}"
EndProject
Global
	GlobalSection(SolutionConfigurationPlatforms) = preSolution
		Debug|Any CPU = Debug|Any CPU
		Release|Any CPU = Release|Any CPU
	EndGlobalSection
	GlobalSection(ProjectConfigurationPlatforms) = postSolution
		{1A712E32-0C99-4C04-B322-88C67A0AFC18}.Debug|Any CPU.ActiveCfg = Debug|Any CPU
		{1A712E32-0C99-4C04-B322-88C67A0AFC18}.Debug|Any CPU.Build.0 = Debug|Any CPU
		{1A712E32-0C99-4C04-B322-88C67A0AFC18}.Release|Any CPU.ActiveCfg = Release|Any CPU
		{1A712E32-0C99-4C04-B322-88C67A0AFC18}.Release|Any CPU.Build.0 = Release|Any CPU
	EndGlobalSection
	GlobalSection(SolutionProperties) = preSolution
		HideSolutionNode = FALSE
	EndGlobalSection
	GlobalSection(ExtensibilityGlobals) = postSolution
		SolutionGuid = {522544DC-29A0-41D6-82DD-7A7A26C3C178}
	EndGlobalSection
EndGlobal
